
Microsoft Visual Studio Solution File, Format Version 12.00
# Visual Studio Version 17
VisualStudioVersion = 17.1.32328.378
MinimumVisualStudioVersion = 10.0.40219.1
Project("{FAE04EC0-301F-11D3-BF4B-00C04F79EFBC}") = "Clase3CorteBlazor", "Clase3CorteBlazor\Clase3CorteBlazor.csproj", "{817738E1-DD6C-454D-9230-229E860EB59F}"
EndProject
Global
	GlobalSection(SolutionConfigurationPlatforms) = preSolution
		Debug|Any CPU = Debug|Any CPU
		Release|Any CPU = Release|Any CPU
	EndGlobalSection
	GlobalSection(ProjectConfigurationPlatforms) = postSolution
		{817738E1-DD6C-454D-9230-229E860EB59F}.Debug|Any CPU.ActiveCfg = Debug|Any CPU
		{817738E1-DD6C-454D-9230-229E860EB59F}.Debug|Any CPU.Build.0 = Debug|Any CPU
		{817738E1-DD6C-454D-9230-229E860EB59F}.Release|Any CPU.ActiveCfg = Release|Any CPU
		{817738E1-DD6C-454D-9230-229E860EB59F}.Release|Any CPU.Build.0 = Release|Any CPU
	EndGlobalSection
	GlobalSection(SolutionProperties) = preSolution
		HideSolutionNode = FALSE
	EndGlobalSection
	GlobalSection(ExtensibilityGlobals) = postSolution
		SolutionGuid = {1E0C56D8-125B-4FFF-B33A-C1CE280033A8}
	EndGlobalSection
EndGlobal
